// !$*UTF8*$!
{
	archiveVersion = 1;
	classes = {
	};
	objectVersion = 56;
	objects = {

/* Begin PBXBuildFile section */
		4B3531212BE887F80035917A /* flannwrapper.cpp in Sources */ = {isa = PBXBuildFile; fileRef = 4B35311F2BE887F80035917A /* flannwrapper.cpp */; };
		4B3531262BE88FE00035917A /* liblz4.dylib in Frameworks */ = {isa = PBXBuildFile; fileRef = 4B3531252BE88FE00035917A /* liblz4.dylib */; };
		4B3924752BE89F0A0033C488 /* flannwrapper.cpp in Sources */ = {isa = PBXBuildFile; fileRef = 4B35311F2BE887F80035917A /* flannwrapper.cpp */; };
		4B3924762BE89F160033C488 /* liblz4.dylib in Frameworks */ = {isa = PBXBuildFile; fileRef = 4B3531252BE88FE00035917A /* liblz4.dylib */; };
/* End PBXBuildFile section */

/* Begin PBXCopyFilesBuildPhase section */
		4B3531102BE887B40035917A /* CopyFiles */ = {
			isa = PBXCopyFilesBuildPhase;
			buildActionMask = 2147483647;
			dstPath = "include/$(PRODUCT_NAME)";
			dstSubfolderSpec = 16;
			files = (
			);
			runOnlyForDeploymentPostprocessing = 0;
		};
/* End PBXCopyFilesBuildPhase section */

/* Begin PBXFileReference section */
		4B3531122BE887B40035917A /* libflann-unity.a */ = {isa = PBXFileReference; explicitFileType = archive.ar; includeInIndex = 0; path = "libflann-unity.a"; sourceTree = BUILT_PRODUCTS_DIR; };
		4B35311E2BE887D30035917A /* flann */ = {isa = PBXFileReference; lastKnownFileType = folder; path = flann; sourceTree = "<group>"; };
		4B35311F2BE887F80035917A /* flannwrapper.cpp */ = {isa = PBXFileReference; lastKnownFileType = sourcecode.cpp.cpp; path = flannwrapper.cpp; sourceTree = "<group>"; };
		4B3531232BE88EE10035917A /* liblz4Plastic.dylib */ = {isa = PBXFileReference; lastKnownFileType = "compiled.mach-o.dylib"; name = liblz4Plastic.dylib; path = "../../unity-projects/visionos-collocated-boilerplate_clone_0/Library/PackageCache/com.unity.collab-proxy@2.2.0/Lib/Editor/PlasticSCM/liblz4Plastic.dylib"; sourceTree = "<group>"; };
		4B3531252BE88FE00035917A /* liblz4.dylib */ = {isa = PBXFileReference; lastKnownFileType = "compiled.mach-o.dylib"; name = liblz4.dylib; path = ../../../../../opt/homebrew/lib/liblz4.dylib; sourceTree = "<group>"; };
		4B3924712BE89EFC0033C488 /* flann-unity-bundle.bundle */ = {isa = PBXFileReference; explicitFileType = wrapper.cfbundle; includeInIndex = 0; path = "flann-unity-bundle.bundle"; sourceTree = BUILT_PRODUCTS_DIR; };
/* End PBXFileReference section */

/* Begin PBXFrameworksBuildPhase section */
		4B35310F2BE887B40035917A /* Frameworks */ = {
			isa = PBXFrameworksBuildPhase;
			buildActionMask = 2147483647;
			files = (
				4B3531262BE88FE00035917A /* liblz4.dylib in Frameworks */,
			);
			runOnlyForDeploymentPostprocessing = 0;
		};
		4B39246E2BE89EFC0033C488 /* Frameworks */ = {
			isa = PBXFrameworksBuildPhase;
			buildActionMask = 2147483647;
			files = (
				4B3924762BE89F160033C488 /* liblz4.dylib in Frameworks */,
			);
			runOnlyForDeploymentPostprocessing = 0;
		};
/* End PBXFrameworksBuildPhase section */

/* Begin PBXGroup section */
		4B3531092BE887B40035917A = {
			isa = PBXGroup;
			children = (
				4B3531142BE887B40035917A /* flann-unity */,
				4B3531132BE887B40035917A /* Products */,
				4B3531222BE88EE10035917A /* Frameworks */,
			);
			sourceTree = "<group>";
		};
		4B3531132BE887B40035917A /* Products */ = {
			isa = PBXGroup;
			children = (
				4B3531122BE887B40035917A /* libflann-unity.a */,
				4B3924712BE89EFC0033C488 /* flann-unity-bundle.bundle */,
			);
			name = Products;
			sourceTree = "<group>";
		};
		4B3531142BE887B40035917A /* flann-unity */ = {
			isa = PBXGroup;
			children = (
				4B35311E2BE887D30035917A /* flann */,
				4B35311F2BE887F80035917A /* flannwrapper.cpp */,
			);
			path = "flann-unity";
			sourceTree = "<group>";
		};
		4B3531222BE88EE10035917A /* Frameworks */ = {
			isa = PBXGroup;
			children = (
				4B3531252BE88FE00035917A /* liblz4.dylib */,
				4B3531232BE88EE10035917A /* liblz4Plastic.dylib */,
			);
			name = Frameworks;
			sourceTree = "<group>";
		};
/* End PBXGroup section */

/* Begin PBXNativeTarget section */
		4B3531112BE887B40035917A /* flann-unity */ = {
			isa = PBXNativeTarget;
			buildConfigurationList = 4B35311B2BE887B40035917A /* Build configuration list for PBXNativeTarget "flann-unity" */;
			buildPhases = (
				4B35310E2BE887B40035917A /* Sources */,
				4B35310F2BE887B40035917A /* Frameworks */,
				4B3531102BE887B40035917A /* CopyFiles */,
			);
			buildRules = (
			);
			dependencies = (
			);
			name = "flann-unity";
			productName = "flann-unity";
			productReference = 4B3531122BE887B40035917A /* libflann-unity.a */;
			productType = "com.apple.product-type.library.static";
		};
		4B3924702BE89EFC0033C488 /* flann-unity-bundle */ = {
			isa = PBXNativeTarget;
			buildConfigurationList = 4B3924722BE89EFC0033C488 /* Build configuration list for PBXNativeTarget "flann-unity-bundle" */;
			buildPhases = (
				4B39246D2BE89EFC0033C488 /* Sources */,
				4B39246E2BE89EFC0033C488 /* Frameworks */,
				4B39246F2BE89EFC0033C488 /* Resources */,
			);
			buildRules = (
			);
			dependencies = (
			);
			name = "flann-unity-bundle";
			productName = "flann-unity-bundle";
			productReference = 4B3924712BE89EFC0033C488 /* flann-unity-bundle.bundle */;
			productType = "com.apple.product-type.bundle";
		};
/* End PBXNativeTarget section */

/* Begin PBXProject section */
		4B35310A2BE887B40035917A /* Project object */ = {
			isa = PBXProject;
			attributes = {
				BuildIndependentTargetsInParallel = 1;
				LastUpgradeCheck = 1530;
				TargetAttributes = {
					4B3531112BE887B40035917A = {
						CreatedOnToolsVersion = 15.3;
					};
					4B3924702BE89EFC0033C488 = {
						CreatedOnToolsVersion = 15.3;
					};
				};
			};
			buildConfigurationList = 4B35310D2BE887B40035917A /* Build configuration list for PBXProject "flann-unity" */;
			compatibilityVersion = "Xcode 14.0";
			developmentRegion = en;
			hasScannedForEncodings = 0;
			knownRegions = (
				en,
				Base,
			);
			mainGroup = 4B3531092BE887B40035917A;
			productRefGroup = 4B3531132BE887B40035917A /* Products */;
			projectDirPath = "";
			projectRoot = "";
			targets = (
				4B3531112BE887B40035917A /* flann-unity */,
				4B3924702BE89EFC0033C488 /* flann-unity-bundle */,
			);
		};
/* End PBXProject section */

/* Begin PBXResourcesBuildPhase section */
		4B39246F2BE89EFC0033C488 /* Resources */ = {
			isa = PBXResourcesBuildPhase;
			buildActionMask = 2147483647;
			files = (
			);
			runOnlyForDeploymentPostprocessing = 0;
		};
/* End PBXResourcesBuildPhase section */

/* Begin PBXSourcesBuildPhase section */
		4B35310E2BE887B40035917A /* Sources */ = {
			isa = PBXSourcesBuildPhase;
			buildActionMask = 2147483647;
			files = (
				4B3531212BE887F80035917A /* flannwrapper.cpp in Sources */,
			);
			runOnlyForDeploymentPostprocessing = 0;
		};
		4B39246D2BE89EFC0033C488 /* Sources */ = {
			isa = PBXSourcesBuildPhase;
			buildActionMask = 2147483647;
			files = (
				4B3924752BE89F0A0033C488 /* flannwrapper.cpp in Sources */,
			);
			runOnlyForDeploymentPostprocessing = 0;
		};
/* End PBXSourcesBuildPhase section */

/* Begin XCBuildConfiguration section */
		4B3531192BE887B40035917A /* Debug */ = {
			isa = XCBuildConfiguration;
			buildSettings = {
				ALWAYS_SEARCH_USER_PATHS = NO;
				ASSETCATALOG_COMPILER_GENERATE_SWIFT_ASSET_SYMBOL_EXTENSIONS = YES;
				CLANG_ANALYZER_NONNULL = YES;
				CLANG_ANALYZER_NUMBER_OBJECT_CONVERSION = YES_AGGRESSIVE;
				CLANG_CXX_LANGUAGE_STANDARD = "gnu++20";
				CLANG_ENABLE_MODULES = YES;
				CLANG_ENABLE_OBJC_ARC = YES;
				CLANG_ENABLE_OBJC_WEAK = YES;
				CLANG_WARN_BLOCK_CAPTURE_AUTORELEASING = YES;
				CLANG_WARN_BOOL_CONVERSION = YES;
				CLANG_WARN_COMMA = YES;
				CLANG_WARN_CONSTANT_CONVERSION = YES;
				CLANG_WARN_DEPRECATED_OBJC_IMPLEMENTATIONS = YES;
				CLANG_WARN_DIRECT_OBJC_ISA_USAGE = YES_ERROR;
				CLANG_WARN_DOCUMENTATION_COMMENTS = YES;
				CLANG_WARN_EMPTY_BODY = YES;
				CLANG_WARN_ENUM_CONVERSION = YES;
				CLANG_WARN_INFINITE_RECURSION = YES;
				CLANG_WARN_INT_CONVERSION = YES;
				CLANG_WARN_NON_LITERAL_NULL_CONVERSION = YES;
				CLANG_WARN_OBJC_IMPLICIT_RETAIN_SELF = YES;
				CLANG_WARN_OBJC_LITERAL_CONVERSION = YES;
				CLANG_WARN_OBJC_ROOT_CLASS = YES_ERROR;
				CLANG_WARN_QUOTED_INCLUDE_IN_FRAMEWORK_HEADER = YES;
				CLANG_WARN_RANGE_LOOP_ANALYSIS = YES;
				CLANG_WARN_STRICT_PROTOTYPES = YES;
				CLANG_WARN_SUSPICIOUS_MOVE = YES;
				CLANG_WARN_UNGUARDED_AVAILABILITY = YES_AGGRESSIVE;
				CLANG_WARN_UNREACHABLE_CODE = YES;
				CLANG_WARN__DUPLICATE_METHOD_MATCH = YES;
				COPY_PHASE_STRIP = NO;
				DEBUG_INFORMATION_FORMAT = dwarf;
				ENABLE_STRICT_OBJC_MSGSEND = YES;
				ENABLE_TESTABILITY = YES;
				ENABLE_USER_SCRIPT_SANDBOXING = YES;
				GCC_C_LANGUAGE_STANDARD = gnu17;
				GCC_DYNAMIC_NO_PIC = NO;
				GCC_NO_COMMON_BLOCKS = YES;
				GCC_OPTIMIZATION_LEVEL = 0;
				GCC_PREPROCESSOR_DEFINITIONS = (
					"DEBUG=1",
					"$(inherited)",
				);
				GCC_WARN_64_TO_32_BIT_CONVERSION = YES;
				GCC_WARN_ABOUT_RETURN_TYPE = YES_ERROR;
				GCC_WARN_UNDECLARED_SELECTOR = YES;
				GCC_WARN_UNINITIALIZED_AUTOS = YES_AGGRESSIVE;
				GCC_WARN_UNUSED_FUNCTION = YES;
				GCC_WARN_UNUSED_VARIABLE = YES;
				LOCALIZATION_PREFERS_STRING_CATALOGS = YES;
				MTL_ENABLE_DEBUG_INFO = INCLUDE_SOURCE;
				MTL_FAST_MATH = YES;
				ONLY_ACTIVE_ARCH = YES;
				SDKROOT = xros;
				XROS_DEPLOYMENT_TARGET = 1.1;
			};
			name = Debug;
		};
		4B35311A2BE887B40035917A /* Release */ = {
			isa = XCBuildConfiguration;
			buildSettings = {
				ALWAYS_SEARCH_USER_PATHS = NO;
				ASSETCATALOG_COMPILER_GENERATE_SWIFT_ASSET_SYMBOL_EXTENSIONS = YES;
				CLANG_ANALYZER_NONNULL = YES;
				CLANG_ANALYZER_NUMBER_OBJECT_CONVERSION = YES_AGGRESSIVE;
				CLANG_CXX_LANGUAGE_STANDARD = "gnu++20";
				CLANG_ENABLE_MODULES = YES;
				CLANG_ENABLE_OBJC_ARC = YES;
				CLANG_ENABLE_OBJC_WEAK = YES;
				CLANG_WARN_BLOCK_CAPTURE_AUTORELEASING = YES;
				CLANG_WARN_BOOL_CONVERSION = YES;
				CLANG_WARN_COMMA = YES;
				CLANG_WARN_CONSTANT_CONVERSION = YES;
				CLANG_WARN_DEPRECATED_OBJC_IMPLEMENTATIONS = YES;
				CLANG_WARN_DIRECT_OBJC_ISA_USAGE = YES_ERROR;
				CLANG_WARN_DOCUMENTATION_COMMENTS = YES;
				CLANG_WARN_EMPTY_BODY = YES;
				CLANG_WARN_ENUM_CONVERSION = YES;
				CLANG_WARN_INFINITE_RECURSION = YES;
				CLANG_WARN_INT_CONVERSION = YES;
				CLANG_WARN_NON_LITERAL_NULL_CONVERSION = YES;
				CLANG_WARN_OBJC_IMPLICIT_RETAIN_SELF = YES;
				CLANG_WARN_OBJC_LITERAL_CONVERSION = YES;
				CLANG_WARN_OBJC_ROOT_CLASS = YES_ERROR;
				CLANG_WARN_QUOTED_INCLUDE_IN_FRAMEWORK_HEADER = YES;
				CLANG_WARN_RANGE_LOOP_ANALYSIS = YES;
				CLANG_WARN_STRICT_PROTOTYPES = YES;
				CLANG_WARN_SUSPICIOUS_MOVE = YES;
				CLANG_WARN_UNGUARDED_AVAILABILITY = YES_AGGRESSIVE;
				CLANG_WARN_UNREACHABLE_CODE = YES;
				CLANG_WARN__DUPLICATE_METHOD_MATCH = YES;
				COPY_PHASE_STRIP = NO;
				DEBUG_INFORMATION_FORMAT = "dwarf-with-dsym";
				ENABLE_NS_ASSERTIONS = NO;
				ENABLE_STRICT_OBJC_MSGSEND = YES;
				ENABLE_USER_SCRIPT_SANDBOXING = YES;
				GCC_C_LANGUAGE_STANDARD = gnu17;
				GCC_NO_COMMON_BLOCKS = YES;
				GCC_WARN_64_TO_32_BIT_CONVERSION = YES;
				GCC_WARN_ABOUT_RETURN_TYPE = YES_ERROR;
				GCC_WARN_UNDECLARED_SELECTOR = YES;
				GCC_WARN_UNINITIALIZED_AUTOS = YES_AGGRESSIVE;
				GCC_WARN_UNUSED_FUNCTION = YES;
				GCC_WARN_UNUSED_VARIABLE = YES;
				LOCALIZATION_PREFERS_STRING_CATALOGS = YES;
				MTL_ENABLE_DEBUG_INFO = NO;
				MTL_FAST_MATH = YES;
				SDKROOT = xros;
				VALIDATE_PRODUCT = YES;
				XROS_DEPLOYMENT_TARGET = 1.1;
			};
			name = Release;
		};
		4B35311C2BE887B40035917A /* Debug */ = {
			isa = XCBuildConfiguration;
			buildSettings = {
				CODE_SIGN_STYLE = Automatic;
				DEVELOPMENT_TEAM = P9TVSH3F53;
				HEADER_SEARCH_PATHS = (
					"$(SRCROOT)/flann-unity",
					/opt/homebrew/include,
				);
				LD_DYLIB_INSTALL_NAME = "@rpath/libflann-unity.dylib";
				LIBRARY_SEARCH_PATHS = (
					"$(inherited)",
					/opt/homebrew/lib,
				);
				MACH_O_TYPE = staticlib;
				OTHER_LDFLAGS = "-ObjC";
				PRODUCT_NAME = "$(TARGET_NAME)";
				SDKROOT = macosx;
				SKIP_INSTALL = YES;
				SUPPORTED_PLATFORMS = macosx;
				TARGETED_DEVICE_FAMILY = "1,2,7";
			};
			name = Debug;
		};
		4B35311D2BE887B40035917A /* Release */ = {
			isa = XCBuildConfiguration;
			buildSettings = {
				CODE_SIGN_STYLE = Automatic;
				DEVELOPMENT_TEAM = P9TVSH3F53;
				HEADER_SEARCH_PATHS = (
					"$(SRCROOT)/flann-unity",
					/opt/homebrew/include,
				);
				LD_DYLIB_INSTALL_NAME = "@rpath/libflann-unity.dylib";
				LIBRARY_SEARCH_PATHS = (
					"$(inherited)",
					/opt/homebrew/lib,
				);
				MACH_O_TYPE = staticlib;
				OTHER_LDFLAGS = "-ObjC";
				PRODUCT_NAME = "$(TARGET_NAME)";
				SDKROOT = macosx;
				SKIP_INSTALL = YES;
				SUPPORTED_PLATFORMS = macosx;
				TARGETED_DEVICE_FAMILY = "1,2,7";
			};
			name = Release;
		};
		4B3924732BE89EFC0033C488 /* Debug */ = {
			isa = XCBuildConfiguration;
			buildSettings = {
				CODE_SIGN_STYLE = Automatic;
				COMBINE_HIDPI_IMAGES = YES;
				CURRENT_PROJECT_VERSION = 1;
				DEVELOPMENT_TEAM = P9TVSH3F53;
				GENERATE_INFOPLIST_FILE = YES;
				HEADER_SEARCH_PATHS = (
					/opt/homebrew/include,
					"$(SRCROOT)/flann-unity",
				);
				INFOPLIST_KEY_NSHumanReadableCopyright = "";
				INFOPLIST_KEY_NSPrincipalClass = "";
				INSTALL_PATH = "$(LOCAL_LIBRARY_DIR)/Bundles";
				LIBRARY_SEARCH_PATHS = (
					"$(inherited)",
					/opt/homebrew/lib,
				);
				MACOSX_DEPLOYMENT_TARGET = 14.2;
				MARKETING_VERSION = 1.0;
				PRODUCT_BUNDLE_IDENTIFIER = "com.yuchen.flann-unity-bundle";
				PRODUCT_NAME = "$(TARGET_NAME)";
				SDKROOT = macosx;
				SKIP_INSTALL = YES;
				SWIFT_EMIT_LOC_STRINGS = YES;
				WRAPPER_EXTENSION = bundle;
			};
			name = Debug;
		};
		4B3924742BE89EFC0033C488 /* Release */ = {
			isa = XCBuildConfiguration;
			buildSettings = {
				CODE_SIGN_STYLE = Automatic;
				COMBINE_HIDPI_IMAGES = YES;
				CURRENT_PROJECT_VERSION = 1;
				DEVELOPMENT_TEAM = P9TVSH3F53;
				GENERATE_INFOPLIST_FILE = YES;
				HEADER_SEARCH_PATHS = (
					/opt/homebrew/include,
					"$(SRCROOT)/flann-unity",
				);
				INFOPLIST_KEY_NSHumanReadableCopyright = "";
				INFOPLIST_KEY_NSPrincipalClass = "";
				INSTALL_PATH = "$(LOCAL_LIBRARY_DIR)/Bundles";
				LIBRARY_SEARCH_PATHS = (
					"$(inherited)",
					/opt/homebrew/lib,
				);
				MACOSX_DEPLOYMENT_TARGET = 14.2;
				MARKETING_VERSION = 1.0;
				PRODUCT_BUNDLE_IDENTIFIER = "com.yuchen.flann-unity-bundle";
				PRODUCT_NAME = "$(TARGET_NAME)";
				SDKROOT = macosx;
				SKIP_INSTALL = YES;
				SWIFT_EMIT_LOC_STRINGS = YES;
				WRAPPER_EXTENSION = bundle;
			};
			name = Release;
		};
/* End XCBuildConfiguration section */

/* Begin XCConfigurationList section */
		4B35310D2BE887B40035917A /* Build configuration list for PBXProject "flann-unity" */ = {
			isa = XCConfigurationList;
			buildConfigurations = (
				4B3531192BE887B40035917A /* Debug */,
				4B35311A2BE887B40035917A /* Release */,
			);
			defaultConfigurationIsVisible = 0;
			defaultConfigurationName = Release;
		};
		4B35311B2BE887B40035917A /* Build configuration list for PBXNativeTarget "flann-unity" */ = {
			isa = XCConfigurationList;
			buildConfigurations = (
				4B35311C2BE887B40035917A /* Debug */,
				4B35311D2BE887B40035917A /* Release */,
			);
			defaultConfigurationIsVisible = 0;
			defaultConfigurationName = Release;
		};
		4B3924722BE89EFC0033C488 /* Build configuration list for PBXNativeTarget "flann-unity-bundle" */ = {
			isa = XCConfigurationList;
			buildConfigurations = (
				4B3924732BE89EFC0033C488 /* Debug */,
				4B3924742BE89EFC0033C488 /* Release */,
			);
			defaultConfigurationIsVisible = 0;
			defaultConfigurationName = Release;
		};
/* End XCConfigurationList section */
	};
	rootObject = 4B35310A2BE887B40035917A /* Project object */;
}
